
Microsoft Visual Studio Solution File, Format Version 12.00
# Visual Studio Version 17
VisualStudioVersion = 17.1.32104.313
MinimumVisualStudioVersion = 10.0.40219.1
Project("{9A19103F-16F7-4668-BE54-9A1E7A4F7556}") = "LsifDotnet", "LsifDotnet\LsifDotnet.csproj", "{B426E5B4-869F-4B5B-A9DE-DAC355A98301}"
EndProject
Project("{9A19103F-16F7-4668-BE54-9A1E7A4F7556}") = "LsifDotnet.Tests", "LsifDotnet.Tests\LsifDotnet.Tests.csproj", "{0F90A056-0000-49A9-86F7-99A4F7285C41}"
EndProject
Project("{FAE04EC0-301F-11D3-BF4B-00C04F79EFBC}") = "LsifDotnet.Benchmark", "LsifDotnet.Benchmark\LsifDotnet.Benchmark.csproj", "{A428D717-EE2A-490D-BD4A-A902F8C05F13}"
EndProject
Global
	GlobalSection(SolutionConfigurationPlatforms) = preSolution
		Debug|Any CPU = Debug|Any CPU
		Release|Any CPU = Release|Any CPU
	EndGlobalSection
	GlobalSection(ProjectConfigurationPlatforms) = postSolution
		{B426E5B4-869F-4B5B-A9DE-DAC355A98301}.Debug|Any CPU.ActiveCfg = Debug|Any CPU
		{B426E5B4-869F-4B5B-A9DE-DAC355A98301}.Debug|Any CPU.Build.0 = Debug|Any CPU
		{B426E5B4-869F-4B5B-A9DE-DAC355A98301}.Release|Any CPU.ActiveCfg = Release|Any CPU
		{B426E5B4-869F-4B5B-A9DE-DAC355A98301}.Release|Any CPU.Build.0 = Release|Any CPU
		{0F90A056-0000-49A9-86F7-99A4F7285C41}.Debug|Any CPU.ActiveCfg = Debug|Any CPU
		{0F90A056-0000-49A9-86F7-99A4F7285C41}.Debug|Any CPU.Build.0 = Debug|Any CPU
		{0F90A056-0000-49A9-86F7-99A4F7285C41}.Release|Any CPU.ActiveCfg = Release|Any CPU
		{0F90A056-0000-49A9-86F7-99A4F7285C41}.Release|Any CPU.Build.0 = Release|Any CPU
		{A428D717-EE2A-490D-BD4A-A902F8C05F13}.Debug|Any CPU.ActiveCfg = Debug|Any CPU
		{A428D717-EE2A-490D-BD4A-A902F8C05F13}.Debug|Any CPU.Build.0 = Debug|Any CPU
		{A428D717-EE2A-490D-BD4A-A902F8C05F13}.Release|Any CPU.ActiveCfg = Release|Any CPU
		{A428D717-EE2A-490D-BD4A-A902F8C05F13}.Release|Any CPU.Build.0 = Release|Any CPU
	EndGlobalSection
	GlobalSection(SolutionProperties) = preSolution
		HideSolutionNode = FALSE
	EndGlobalSection
	GlobalSection(ExtensibilityGlobals) = postSolution
		SolutionGuid = {39F2171A-DDEB-4C24-8D7E-43FCB765F1C5}
	EndGlobalSection
EndGlobal
